{
  "name": "personal-os-platform-v8-productized",
  "version": "8.2.0-cloudbase",
  "lockfileVersion": 3,
  "requires": true,
  "packages": {
    "": {
      "name": "personal-os-platform-v8-productized",
      "version": "8.2.0-cloudbase",
      "devDependencies": {
        "@cloudbase/cli": "^3.5.9"
      }
    },
    "node_modules/@cloudbase/cli": {
      "version": "3.5.9",
      "resolved": "https://registry.npmjs.org/@cloudbase/cli/-/cli-3.5.9.tgz",
      "integrity": "sha512-x91+3xA48b+pLFOWdnt6L8PZOThVXPkMI6qV6MbMGmS3bCLj+5UKbMr8NvIOHq/Yxh1HwbqPKtKV3ww7U64RyQ==",
      "dev": true,
      "license": "ISC",
      "bin": {
        "cloudbase": "bin/cloudbase",
        "cloudbase-mcp": "bin/cloudbase-mcp",
        "tcb": "bin/tcb"
      }
    }
  }
}
